// !$*UTF8*$!
{
	archiveVersion = 1;
	classes = {
	};
	objectVersion = 46;
	objects = {

/* Begin PBXBuildFile section */
		C1AA2B981B2230DF007F2188 /* AppDelegate.swift in Sources */ = {isa = PBXBuildFile; fileRef = C1AA2B971B2230DF007F2188 /* AppDelegate.swift */; };
		C1AA2B9A1B2230DF007F2188 /* ViewController.swift in Sources */ = {isa = PBXBuildFile; fileRef = C1AA2B991B2230DF007F2188 /* ViewController.swift */; };
		C1AA2B9D1B2230DF007F2188 /* Main.storyboard in Resources */ = {isa = PBXBuildFile; fileRef = C1AA2B9B1B2230DF007F2188 /* Main.storyboard */; };
		C1AA2B9F1B2230DF007F2188 /* Images.xcassets in Resources */ = {isa = PBXBuildFile; fileRef = C1AA2B9E1B2230DF007F2188 /* Images.xcassets */; };
		C1AA2BA21B2230DF007F2188 /* LaunchScreen.xib in Resources */ = {isa = PBXBuildFile; fileRef = C1AA2BA01B2230DF007F2188 /* LaunchScreen.xib */; };
		C1AA2BAE1B2230DF007F2188 /* ExampleTests.swift in Sources */ = {isa = PBXBuildFile; fileRef = C1AA2BAD1B2230DF007F2188 /* ExampleTests.swift */; };
		C1AA2BEB1B223B02007F2188 /* MyTest.framework in Frameworks */ = {isa = PBXBuildFile; fileRef = C1AA2BE61B223AAB007F2188 /* MyTest.framework */; };
/* End PBXBuildFile section */

/* Begin PBXContainerItemProxy section */
		C1AA2BA81B2230DF007F2188 /* PBXContainerItemProxy */ = {
			isa = PBXContainerItemProxy;
			containerPortal = C1AA2B8A1B2230DF007F2188 /* Project object */;
			proxyType = 1;
			remoteGlobalIDString = C1AA2B911B2230DF007F2188;
			remoteInfo = Example;
		};
		C1AA2BE51B223AAB007F2188 /* PBXContainerItemProxy */ = {
			isa = PBXContainerItemProxy;
			containerPortal = C1AA2BE01B223AAB007F2188 /* MyTest.xcodeproj */;
			proxyType = 2;
			remoteGlobalIDString = C1AA2BC21B22323A007F2188;
			remoteInfo = MyTest;
		};
		C1AA2BE71B223AAB007F2188 /* PBXContainerItemProxy */ = {
			isa = PBXContainerItemProxy;
			containerPortal = C1AA2BE01B223AAB007F2188 /* MyTest.xcodeproj */;
			proxyType = 2;
			remoteGlobalIDString = C1AA2BCD1B22323A007F2188;
			remoteInfo = MyTestTests;
		};
		C1AA2BE91B223AF6007F2188 /* PBXContainerItemProxy */ = {
			isa = PBXContainerItemProxy;
			containerPortal = C1AA2BE01B223AAB007F2188 /* MyTest.xcodeproj */;
			proxyType = 1;
			remoteGlobalIDString = C1AA2BC11B22323A007F2188;
			remoteInfo = MyTest;
		};
/* End PBXContainerItemProxy section */

/* Begin PBXFileReference section */
		C1AA2B921B2230DF007F2188 /* Example.app */ = {isa = PBXFileReference; explicitFileType = wrapper.application; includeInIndex = 0; path = Example.app; sourceTree = BUILT_PRODUCTS_DIR; };
		C1AA2B961B2230DF007F2188 /* Info.plist */ = {isa = PBXFileReference; lastKnownFileType = text.plist.xml; path = Info.plist; sourceTree = "<group>"; };
		C1AA2B971B2230DF007F2188 /* AppDelegate.swift */ = {isa = PBXFileReference; lastKnownFileType = sourcecode.swift; path = AppDelegate.swift; sourceTree = "<group>"; };
		C1AA2B991B2230DF007F2188 /* ViewController.swift */ = {isa = PBXFileReference; lastKnownFileType = sourcecode.swift; path = ViewController.swift; sourceTree = "<group>"; };
		C1AA2B9C1B2230DF007F2188 /* Base */ = {isa = PBXFileReference; lastKnownFileType = file.storyboard; name = Base; path = Base.lproj/Main.storyboard; sourceTree = "<group>"; };
		C1AA2B9E1B2230DF007F2188 /* Images.xcassets */ = {isa = PBXFileReference; lastKnownFileType = folder.assetcatalog; path = Images.xcassets; sourceTree = "<group>"; };
		C1AA2BA11B2230DF007F2188 /* Base */ = {isa = PBXFileReference; lastKnownFileType = file.xib; name = Base; path = Base.lproj/LaunchScreen.xib; sourceTree = "<group>"; };
		C1AA2BA71B2230DF007F2188 /* ExampleTests.xctest */ = {isa = PBXFileReference; explicitFileType = wrapper.cfbundle; includeInIndex = 0; path = ExampleTests.xctest; sourceTree = BUILT_PRODUCTS_DIR; };
		C1AA2BAC1B2230DF007F2188 /* Info.plist */ = {isa = PBXFileReference; lastKnownFileType = text.plist.xml; path = Info.plist; sourceTree = "<group>"; };
		C1AA2BAD1B2230DF007F2188 /* ExampleTests.swift */ = {isa = PBXFileReference; lastKnownFileType = sourcecode.swift; path = ExampleTests.swift; sourceTree = "<group>"; };
		C1AA2BE01B223AAB007F2188 /* MyTest.xcodeproj */ = {isa = PBXFileReference; lastKnownFileType = "wrapper.pb-project"; name = MyTest.xcodeproj; path = ../MyTest/MyTest.xcodeproj; sourceTree = "<group>"; };
/* End PBXFileReference section */

/* Begin PBXFrameworksBuildPhase section */
		C1AA2B8F1B2230DF007F2188 /* Frameworks */ = {
			isa = PBXFrameworksBuildPhase;
			buildActionMask = 2147483647;
			files = (
				C1AA2BEB1B223B02007F2188 /* MyTest.framework in Frameworks */,
			);
			runOnlyForDeploymentPostprocessing = 0;
		};
		C1AA2BA41B2230DF007F2188 /* Frameworks */ = {
			isa = PBXFrameworksBuildPhase;
			buildActionMask = 2147483647;
			files = (
			);
			runOnlyForDeploymentPostprocessing = 0;
		};
/* End PBXFrameworksBuildPhase section */

/* Begin PBXGroup section */
		C1AA2B891B2230DF007F2188 = {
			isa = PBXGroup;
			children = (
				C1AA2BE01B223AAB007F2188 /* MyTest.xcodeproj */,
				C1AA2B941B2230DF007F2188 /* Example */,
				C1AA2BAA1B2230DF007F2188 /* ExampleTests */,
				C1AA2B931B2230DF007F2188 /* Products */,
			);
			sourceTree = "<group>";
		};
		C1AA2B931B2230DF007F2188 /* Products */ = {
			isa = PBXGroup;
			children = (
				C1AA2B921B2230DF007F2188 /* Example.app */,
				C1AA2BA71B2230DF007F2188 /* ExampleTests.xctest */,
			);
			name = Products;
			sourceTree = "<group>";
		};
		C1AA2B941B2230DF007F2188 /* Example */ = {
			isa = PBXGroup;
			children = (
				C1AA2B971B2230DF007F2188 /* AppDelegate.swift */,
				C1AA2B991B2230DF007F2188 /* ViewController.swift */,
				C1AA2B9B1B2230DF007F2188 /* Main.storyboard */,
				C1AA2B9E1B2230DF007F2188 /* Images.xcassets */,
				C1AA2BA01B2230DF007F2188 /* LaunchScreen.xib */,
				C1AA2B951B2230DF007F2188 /* Supporting Files */,
			);
			path = Example;
			sourceTree = "<group>";
		};
		C1AA2B951B2230DF007F2188 /* Supporting Files */ = {
			isa = PBXGroup;
			children = (
				C1AA2B961B2230DF007F2188 /* Info.plist */,
			);
			name = "Supporting Files";
			sourceTree = "<group>";
		};
		C1AA2BAA1B2230DF007F2188 /* ExampleTests */ = {
			isa = PBXGroup;
			children = (
				C1AA2BAD1B2230DF007F2188 /* ExampleTests.swift */,
				C1AA2BAB1B2230DF007F2188 /* Supporting Files */,
			);
			path = ExampleTests;
			sourceTree = "<group>";
		};
		C1AA2BAB1B2230DF007F2188 /* Supporting Files */ = {
			isa = PBXGroup;
			children = (
				C1AA2BAC1B2230DF007F2188 /* Info.plist */,
			);
			name = "Supporting Files";
			sourceTree = "<group>";
		};
		C1AA2BE11B223AAB007F2188 /* Products */ = {
			isa = PBXGroup;
			children = (
				C1AA2BE61B223AAB007F2188 /* MyTest.framework */,
				C1AA2BE81B223AAB007F2188 /* MyTestTests.xctest */,
			);
			name = Products;
			sourceTree = "<group>";
		};
/* End PBXGroup section */

/* Begin PBXNativeTarget section */
		C1AA2B911B2230DF007F2188 /* Example */ = {
			isa = PBXNativeTarget;
			buildConfigurationList = C1AA2BB11B2230DF007F2188 /* Build configuration list for PBXNativeTarget "Example" */;
			buildPhases = (
				C1AA2B8E1B2230DF007F2188 /* Sources */,
				C1AA2B8F1B2230DF007F2188 /* Frameworks */,
				C1AA2B901B2230DF007F2188 /* Resources */,
			);
			buildRules = (
			);
			dependencies = (
				C1AA2BEA1B223AF6007F2188 /* PBXTargetDependency */,
			);
			name = Example;
			productName = Example;
			productReference = C1AA2B921B2230DF007F2188 /* Example.app */;
			productType = "com.apple.product-type.application";
		};
		C1AA2BA61B2230DF007F2188 /* ExampleTests */ = {
			isa = PBXNativeTarget;
			buildConfigurationList = C1AA2BB41B2230DF007F2188 /* Build configuration list for PBXNativeTarget "ExampleTests" */;
			buildPhases = (
				C1AA2BA31B2230DF007F2188 /* Sources */,
				C1AA2BA41B2230DF007F2188 /* Frameworks */,
				C1AA2BA51B2230DF007F2188 /* Resources */,
			);
			buildRules = (
			);
			dependencies = (
				C1AA2BA91B2230DF007F2188 /* PBXTargetDependency */,
			);
			name = ExampleTests;
			productName = ExampleTests;
			productReference = C1AA2BA71B2230DF007F2188 /* ExampleTests.xctest */;
			productType = "com.apple.product-type.bundle.unit-test";
		};
/* End PBXNativeTarget section */

/* Begin PBXProject section */
		C1AA2B8A1B2230DF007F2188 /* Project object */ = {
			isa = PBXProject;
			attributes = {
				LastUpgradeCheck = 0630;
				ORGANIZATIONNAME = foobarber;
				TargetAttributes = {
					C1AA2B911B2230DF007F2188 = {
						CreatedOnToolsVersion = 6.3.2;
					};
					C1AA2BA61B2230DF007F2188 = {
						CreatedOnToolsVersion = 6.3.2;
						TestTargetID = C1AA2B911B2230DF007F2188;
					};
				};
			};
			buildConfigurationList = C1AA2B8D1B2230DF007F2188 /* Build configuration list for PBXProject "Example" */;
			compatibilityVersion = "Xcode 3.2";
			developmentRegion = English;
			hasScannedForEncodings = 0;
			knownRegions = (
				en,
				Base,
			);
			mainGroup = C1AA2B891B2230DF007F2188;
			productRefGroup = C1AA2B931B2230DF007F2188 /* Products */;
			projectDirPath = "";
			projectReferences = (
				{
					ProductGroup = C1AA2BE11B223AAB007F2188 /* Products */;
					ProjectRef = C1AA2BE01B223AAB007F2188 /* MyTest.xcodeproj */;
				},
			);
			projectRoot = "";
			targets = (
				C1AA2B911B2230DF007F2188 /* Example */,
				C1AA2BA61B2230DF007F2188 /* ExampleTests */,
			);
		};
/* End PBXProject section */

/* Begin PBXReferenceProxy section */
		C1AA2BE61B223AAB007F2188 /* MyTest.framework */ = {
			isa = PBXReferenceProxy;
			fileType = wrapper.framework;
			path = MyTest.framework;
			remoteRef = C1AA2BE51B223AAB007F2188 /* PBXContainerItemProxy */;
			sourceTree = BUILT_PRODUCTS_DIR;
		};
		C1AA2BE81B223AAB007F2188 /* MyTestTests.xctest */ = {
			isa = PBXReferenceProxy;
			fileType = wrapper.cfbundle;
			path = MyTestTests.xctest;
			remoteRef = C1AA2BE71B223AAB007F2188 /* PBXContainerItemProxy */;
			sourceTree = BUILT_PRODUCTS_DIR;
		};
/* End PBXReferenceProxy section */

/* Begin PBXResourcesBuildPhase section */
		C1AA2B901B2230DF007F2188 /* Resources */ = {
			isa = PBXResourcesBuildPhase;
			buildActionMask = 2147483647;
			files = (
				C1AA2B9D1B2230DF007F2188 /* Main.storyboard in Resources */,
				C1AA2BA21B2230DF007F2188 /* LaunchScreen.xib in Resources */,
				C1AA2B9F1B2230DF007F2188 /* Images.xcassets in Resources */,
			);
			runOnlyForDeploymentPostprocessing = 0;
		};
		C1AA2BA51B2230DF007F2188 /* Resources */ = {
			isa = PBXResourcesBuildPhase;
			buildActionMask = 2147483647;
			files = (
			);
			runOnlyForDeploymentPostprocessing = 0;
		};
/* End PBXResourcesBuildPhase section */

/* Begin PBXSourcesBuildPhase section */
		C1AA2B8E1B2230DF007F2188 /* Sources */ = {
			isa = PBXSourcesBuildPhase;
			buildActionMask = 2147483647;
			files = (
				C1AA2B9A1B2230DF007F2188 /* ViewController.swift in Sources */,
				C1AA2B981B2230DF007F2188 /* AppDelegate.swift in Sources */,
			);
			runOnlyForDeploymentPostprocessing = 0;
		};
		C1AA2BA31B2230DF007F2188 /* Sources */ = {
			isa = PBXSourcesBuildPhase;
			buildActionMask = 2147483647;
			files = (
				C1AA2BAE1B2230DF007F2188 /* ExampleTests.swift in Sources */,
			);
			runOnlyForDeploymentPostprocessing = 0;
		};
/* End PBXSourcesBuildPhase section */

/* Begin PBXTargetDependency section */
		C1AA2BA91B2230DF007F2188 /* PBXTargetDependency */ = {
			isa = PBXTargetDependency;
			target = C1AA2B911B2230DF007F2188 /* Example */;
			targetProxy = C1AA2BA81B2230DF007F2188 /* PBXContainerItemProxy */;
		};
		C1AA2BEA1B223AF6007F2188 /* PBXTargetDependency */ = {
			isa = PBXTargetDependency;
			name = MyTest;
			targetProxy = C1AA2BE91B223AF6007F2188 /* PBXContainerItemProxy */;
		};
/* End PBXTargetDependency section */

/* Begin PBXVariantGroup section */
		C1AA2B9B1B2230DF007F2188 /* Main.storyboard */ = {
			isa = PBXVariantGroup;
			children = (
				C1AA2B9C1B2230DF007F2188 /* Base */,
			);
			name = Main.storyboard;
			sourceTree = "<group>";
		};
		C1AA2BA01B2230DF007F2188 /* LaunchScreen.xib */ = {
			isa = PBXVariantGroup;
			children = (
				C1AA2BA11B2230DF007F2188 /* Base */,
			);
			name = LaunchScreen.xib;
			sourceTree = "<group>";
		};
/* End PBXVariantGroup section */

/* Begin XCBuildConfiguration section */
		C1AA2BAF1B2230DF007F2188 /* Debug */ = {
			isa = XCBuildConfiguration;
			buildSettings = {
				ALWAYS_SEARCH_USER_PATHS = NO;
				CLANG_CXX_LANGUAGE_STANDARD = "gnu++0x";
				CLANG_CXX_LIBRARY = "libc++";
				CLANG_ENABLE_MODULES = YES;
				CLANG_ENABLE_OBJC_ARC = YES;
				CLANG_WARN_BOOL_CONVERSION = YES;
				CLANG_WARN_CONSTANT_CONVERSION = YES;
				CLANG_WARN_DIRECT_OBJC_ISA_USAGE = YES_ERROR;
				CLANG_WARN_EMPTY_BODY = YES;
				CLANG_WARN_ENUM_CONVERSION = YES;
				CLANG_WARN_INT_CONVERSION = YES;
				CLANG_WARN_OBJC_ROOT_CLASS = YES_ERROR;
				CLANG_WARN_UNREACHABLE_CODE = YES;
				CLANG_WARN__DUPLICATE_METHOD_MATCH = YES;
				"CODE_SIGN_IDENTITY[sdk=iphoneos*]" = "iPhone Developer";
				COPY_PHASE_STRIP = NO;
				DEBUG_INFORMATION_FORMAT = "dwarf-with-dsym";
				ENABLE_STRICT_OBJC_MSGSEND = YES;
				GCC_C_LANGUAGE_STANDARD = gnu99;
				GCC_DYNAMIC_NO_PIC = NO;
				GCC_NO_COMMON_BLOCKS = YES;
				GCC_OPTIMIZATION_LEVEL = 0;
				GCC_PREPROCESSOR_DEFINITIONS = (
					"DEBUG=1",
					"$(inherited)",
				);
				GCC_SYMBOLS_PRIVATE_EXTERN = NO;
				GCC_WARN_64_TO_32_BIT_CONVERSION = YES;
				GCC_WARN_ABOUT_RETURN_TYPE = YES_ERROR;
				GCC_WARN_UNDECLARED_SELECTOR = YES;
				GCC_WARN_UNINITIALIZED_AUTOS = YES_AGGRESSIVE;
				GCC_WARN_UNUSED_FUNCTION = YES;
				GCC_WARN_UNUSED_VARIABLE = YES;
				IPHONEOS_DEPLOYMENT_TARGET = 8.3;
				MTL_ENABLE_DEBUG_INFO = YES;
				ONLY_ACTIVE_ARCH = YES;
				SDKROOT = iphoneos;
				SWIFT_OPTIMIZATION_LEVEL = "-Onone";
			};
			name = Debug;
		};
		C1AA2BB01B2230DF007F2188 /* Release */ = {
			isa = XCBuildConfiguration;
			buildSettings = {
				ALWAYS_SEARCH_USER_PATHS = NO;
				CLANG_CXX_LANGUAGE_STANDARD = "gnu++0x";
				CLANG_CXX_LIBRARY = "libc++";
				CLANG_ENABLE_MODULES = YES;
				CLANG_ENABLE_OBJC_ARC = YES;
				CLANG_WARN_BOOL_CONVERSION = YES;
				CLANG_WARN_CONSTANT_CONVERSION = YES;
				CLANG_WARN_DIRECT_OBJC_ISA_USAGE = YES_ERROR;
				CLANG_WARN_EMPTY_BODY = YES;
				CLANG_WARN_ENUM_CONVERSION = YES;
				CLANG_WARN_INT_CONVERSION = YES;
				CLANG_WARN_OBJC_ROOT_CLASS = YES_ERROR;
				CLANG_WARN_UNREACHABLE_CODE = YES;
				CLANG_WARN__DUPLICATE_METHOD_MATCH = YES;
				"CODE_SIGN_IDENTITY[sdk=iphoneos*]" = "iPhone Developer";
				COPY_PHASE_STRIP = NO;
				DEBUG_INFORMATION_FORMAT = "dwarf-with-dsym";
				ENABLE_NS_ASSERTIONS = NO;
				ENABLE_STRICT_OBJC_MSGSEND = YES;
				GCC_C_LANGUAGE_STANDARD = gnu99;
				GCC_NO_COMMON_BLOCKS = YES;
				GCC_WARN_64_TO_32_BIT_CONVERSION = YES;
				GCC_WARN_ABOUT_RETURN_TYPE = YES_ERROR;
				GCC_WARN_UNDECLARED_SELECTOR = YES;
				GCC_WARN_UNINITIALIZED_AUTOS = YES_AGGRESSIVE;
				GCC_WARN_UNUSED_FUNCTION = YES;
				GCC_WARN_UNUSED_VARIABLE = YES;
				IPHONEOS_DEPLOYMENT_TARGET = 8.3;
				MTL_ENABLE_DEBUG_INFO = NO;
				SDKROOT = iphoneos;
				VALIDATE_PRODUCT = YES;
			};
			name = Release;
		};
		C1AA2BB21B2230DF007F2188 /* Debug */ = {
			isa = XCBuildConfiguration;
			buildSettings = {
				ASSETCATALOG_COMPILER_APPICON_NAME = AppIcon;
				INFOPLIST_FILE = Example/Info.plist;
				LD_RUNPATH_SEARCH_PATHS = "$(inherited) @executable_path/Frameworks";
				PRODUCT_NAME = "$(TARGET_NAME)";
			};
			name = Debug;
		};
		C1AA2BB31B2230DF007F2188 /* Release */ = {
			isa = XCBuildConfiguration;
			buildSettings = {
				ASSETCATALOG_COMPILER_APPICON_NAME = AppIcon;
				INFOPLIST_FILE = Example/Info.plist;
				LD_RUNPATH_SEARCH_PATHS = "$(inherited) @executable_path/Frameworks";
				PRODUCT_NAME = "$(TARGET_NAME)";
			};
			name = Release;
		};
		C1AA2BB51B2230DF007F2188 /* Debug */ = {
			isa = XCBuildConfiguration;
			buildSettings = {
				BUNDLE_LOADER = "$(TEST_HOST)";
				FRAMEWORK_SEARCH_PATHS = (
					"$(SDKROOT)/Developer/Library/Frameworks",
					"$(inherited)",
				);
				GCC_PREPROCESSOR_DEFINITIONS = (
					"DEBUG=1",
					"$(inherited)",
				);
				INFOPLIST_FILE = ExampleTests/Info.plist;
				LD_RUNPATH_SEARCH_PATHS = "$(inherited) @executable_path/Frameworks @loader_path/Frameworks";
				PRODUCT_NAME = "$(TARGET_NAME)";
				TEST_HOST = "$(BUILT_PRODUCTS_DIR)/Example.app/Example";
			};
			name = Debug;
		};
		C1AA2BB61B2230DF007F2188 /* Release */ = {
			isa = XCBuildConfiguration;
			buildSettings = {
				BUNDLE_LOADER = "$(TEST_HOST)";
				FRAMEWORK_SEARCH_PATHS = (
					"$(SDKROOT)/Developer/Library/Frameworks",
					"$(inherited)",
				);
				INFOPLIST_FILE = ExampleTests/Info.plist;
				LD_RUNPATH_SEARCH_PATHS = "$(inherited) @executable_path/Frameworks @loader_path/Frameworks";
				PRODUCT_NAME = "$(TARGET_NAME)";
				TEST_HOST = "$(BUILT_PRODUCTS_DIR)/Example.app/Example";
			};
			name = Release;
		};
/* End XCBuildConfiguration section */

/* Begin XCConfigurationList section */
		C1AA2B8D1B2230DF007F2188 /* Build configuration list for PBXProject "Example" */ = {
			isa = XCConfigurationList;
			buildConfigurations = (
				C1AA2BAF1B2230DF007F2188 /* Debug */,
				C1AA2BB01B2230DF007F2188 /* Release */,
			);
			defaultConfigurationIsVisible = 0;
			defaultConfigurationName = Release;
		};
		C1AA2BB11B2230DF007F2188 /* Build configuration list for PBXNativeTarget "Example" */ = {
			isa = XCConfigurationList;
			buildConfigurations = (
				C1AA2BB21B2230DF007F2188 /* Debug */,
				C1AA2BB31B2230DF007F2188 /* Release */,
			);
			defaultConfigurationIsVisible = 0;
		};
		C1AA2BB41B2230DF007F2188 /* Build configuration list for PBXNativeTarget "ExampleTests" */ = {
			isa = XCConfigurationList;
			buildConfigurations = (
				C1AA2BB51B2230DF007F2188 /* Debug */,
				C1AA2BB61B2230DF007F2188 /* Release */,
			);
			defaultConfigurationIsVisible = 0;
		};
/* End XCConfigurationList section */
	};
	rootObject = C1AA2B8A1B2230DF007F2188 /* Project object */;
}
